Microsoft Visual Studio Solution File, Format Version 12.00
# Visual Studio Version 17
VisualStudioVersion = 17.5.2.0
MinimumVisualStudioVersion = 10.0.40219.1
Project("{FAE04EC0-301F-11D3-BF4B-00C04F79EFBC}") = "BgaDefectViewer", "BgaDefectViewer\BgaDefectViewer.csproj", "{FA4A4A8D-9963-2C4E-91BE-8DEBE0EAA569}"
EndProject
Global
	GlobalSection(SolutionConfigurationPlatforms) = preSolution
		Debug|Any CPU = Debug|Any CPU
		Release|Any CPU = Release|Any CPU
	EndGlobalSection
	GlobalSection(ProjectConfigurationPlatforms) = postSolution
		{FA4A4A8D-9963-2C4E-91BE-8DEBE0EAA569}.Debug|Any CPU.ActiveCfg = Debug|Any CPU
		{FA4A4A8D-9963-2C4E-91BE-8DEBE0EAA569}.Debug|Any CPU.Build.0 = Debug|Any CPU
		{FA4A4A8D-9963-2C4E-91BE-8DEBE0EAA569}.Release|Any CPU.ActiveCfg = Release|Any CPU
		{FA4A4A8D-9963-2C4E-91BE-8DEBE0EAA569}.Release|Any CPU.Build.0 = Release|Any CPU
	EndGlobalSection
	GlobalSection(SolutionProperties) = preSolution
		HideSolutionNode = FALSE
	EndGlobalSection
	GlobalSection(ExtensibilityGlobals) = postSolution
		SolutionGuid = {11802A56-3F77-4A8E-9A3B-5BFC15FB0AD7}
	EndGlobalSection
EndGlobal
