Microsoft Visual Studio Solution File, Format Version 12.00
# Visual Studio Version 17
VisualStudioVersion = 17.5.2.0
MinimumVisualStudioVersion = 10.0.40219.1
Project("{FAE04EC0-301F-11D3-BF4B-00C04F79EFBC}") = "BgaDefectViewer", "BgaDefectViewer.csproj", "{3C817C1C-F5F5-327A-3953-34D1D7B17423}"
EndProject
Global
	GlobalSection(SolutionConfigurationPlatforms) = preSolution
		Debug|Any CPU = Debug|Any CPU
		Release|Any CPU = Release|Any CPU
	EndGlobalSection
	GlobalSection(ProjectConfigurationPlatforms) = postSolution
		{3C817C1C-F5F5-327A-3953-34D1D7B17423}.Debug|Any CPU.ActiveCfg = Debug|Any CPU
		{3C817C1C-F5F5-327A-3953-34D1D7B17423}.Debug|Any CPU.Build.0 = Debug|Any CPU
		{3C817C1C-F5F5-327A-3953-34D1D7B17423}.Release|Any CPU.ActiveCfg = Release|Any CPU
		{3C817C1C-F5F5-327A-3953-34D1D7B17423}.Release|Any CPU.Build.0 = Release|Any CPU
	EndGlobalSection
	GlobalSection(SolutionProperties) = preSolution
		HideSolutionNode = FALSE
	EndGlobalSection
	GlobalSection(ExtensibilityGlobals) = postSolution
		SolutionGuid = {732FA2B7-898C-4D43-8F44-BF048B813858}
	EndGlobalSection
EndGlobal
